
Microsoft Visual Studio Solution File, Format Version 12.00
# Visual Studio Version 16
VisualStudioVersion = 16.0.31410.357
MinimumVisualStudioVersion = 10.0.40219.1
Project("{FAE04EC0-301F-11D3-BF4B-00C04F79EFBC}") = "PoloniexToDatabase", "PoloniexToDatabase.csproj", "{FD47DDAF-D7F3-44DC-ADA5-4D4B590BB373}"
EndProject
Global
	GlobalSection(SolutionConfigurationPlatforms) = preSolution
		Debug|Any CPU = Debug|Any CPU
		Release|Any CPU = Release|Any CPU
	EndGlobalSection
	GlobalSection(ProjectConfigurationPlatforms) = postSolution
		{FD47DDAF-D7F3-44DC-ADA5-4D4B590BB373}.Debug|Any CPU.ActiveCfg = Debug|Any CPU
		{FD47DDAF-D7F3-44DC-ADA5-4D4B590BB373}.Debug|Any CPU.Build.0 = Debug|Any CPU
		{FD47DDAF-D7F3-44DC-ADA5-4D4B590BB373}.Release|Any CPU.ActiveCfg = Release|Any CPU
		{FD47DDAF-D7F3-44DC-ADA5-4D4B590BB373}.Release|Any CPU.Build.0 = Release|Any CPU
	EndGlobalSection
	GlobalSection(SolutionProperties) = preSolution
		HideSolutionNode = FALSE
	EndGlobalSection
	GlobalSection(ExtensibilityGlobals) = postSolution
		SolutionGuid = {AA9EE089-83AC-49BC-BB19-244FFCFE0D85}
	EndGlobalSection
EndGlobal
